// !$*UTF8*$!
{
	archiveVersion = 1;
	classes = {
	};
	objectVersion = 48;
	objects = {

/* Begin PBXBuildFile section */
		2805847A2066B15E00BBEF10 /* Podfile in Resources */ = {isa = PBXBuildFile; fileRef = 280584792066B15E00BBEF10 /* Podfile */; };
		2819DFC0206685750055C635 /* FoodTypeInit.swift in Sources */ = {isa = PBXBuildFile; fileRef = 2819DFBF206685750055C635 /* FoodTypeInit.swift */; };
		28337004205E5595003664C0 /* Food.swift in Sources */ = {isa = PBXBuildFile; fileRef = 28337003205E5595003664C0 /* Food.swift */; };
		28337006205E5DA4003664C0 /* FoodViewController.swift in Sources */ = {isa = PBXBuildFile; fileRef = 28337005205E5DA4003664C0 /* FoodViewController.swift */; };
		2862222A205D190300A9C2B0 /* AppDelegate.swift in Sources */ = {isa = PBXBuildFile; fileRef = 28622229205D190300A9C2B0 /* AppDelegate.swift */; };
		2862222C205D190300A9C2B0 /* ViewController.swift in Sources */ = {isa = PBXBuildFile; fileRef = 2862222B205D190300A9C2B0 /* ViewController.swift */; };
		2862222F205D190300A9C2B0 /* Main.storyboard in Resources */ = {isa = PBXBuildFile; fileRef = 2862222D205D190300A9C2B0 /* Main.storyboard */; };
		28622231205D190300A9C2B0 /* Assets.xcassets in Resources */ = {isa = PBXBuildFile; fileRef = 28622230205D190300A9C2B0 /* Assets.xcassets */; };
		28622234205D190300A9C2B0 /* LaunchScreen.storyboard in Resources */ = {isa = PBXBuildFile; fileRef = 28622232205D190300A9C2B0 /* LaunchScreen.storyboard */; };
		2862223F205D190300A9C2B0 /* Kitchen_recipesTests.swift in Sources */ = {isa = PBXBuildFile; fileRef = 2862223E205D190300A9C2B0 /* Kitchen_recipesTests.swift */; };
		2862224A205D190400A9C2B0 /* Kitchen_recipesUITests.swift in Sources */ = {isa = PBXBuildFile; fileRef = 28622249205D190400A9C2B0 /* Kitchen_recipesUITests.swift */; };
		2865C836206AD3A300BA7FEA /* ezgif-4-ed2350780b.gif in Resources */ = {isa = PBXBuildFile; fileRef = 2865C835206AD3A300BA7FEA /* ezgif-4-ed2350780b.gif */; };
		2865C839206BF96900BA7FEA /* EmptyCell.swift in Sources */ = {isa = PBXBuildFile; fileRef = 2865C837206BF96900BA7FEA /* EmptyCell.swift */; };
		2865C83A206BF96900BA7FEA /* EmptyCell.xib in Resources */ = {isa = PBXBuildFile; fileRef = 2865C838206BF96900BA7FEA /* EmptyCell.xib */; };
		287DB49C207903D100DF566D /* MenuViewController.swift in Sources */ = {isa = PBXBuildFile; fileRef = 287DB49B207903D100DF566D /* MenuViewController.swift */; };
		287DB49F2079041B00DF566D /* MenuTableViewCell.swift in Sources */ = {isa = PBXBuildFile; fileRef = 287DB49D2079041B00DF566D /* MenuTableViewCell.swift */; };
		287DB4A02079041B00DF566D /* MenuTableViewCell.xib in Resources */ = {isa = PBXBuildFile; fileRef = 287DB49E2079041B00DF566D /* MenuTableViewCell.xib */; };
		287DB4A32079FC1F00DF566D /* FoodCell.swift in Sources */ = {isa = PBXBuildFile; fileRef = 287DB4A12079FC1F00DF566D /* FoodCell.swift */; };
		287DB4A42079FC1F00DF566D /* FoodCell.xib in Resources */ = {isa = PBXBuildFile; fileRef = 287DB4A22079FC1F00DF566D /* FoodCell.xib */; };
		287DB4A6207A003E00DF566D /* RecipeHandler.swift in Sources */ = {isa = PBXBuildFile; fileRef = 287DB4A5207A003E00DF566D /* RecipeHandler.swift */; };
		287DB4AF207A2E4F00DF566D /* SNVideoViewerViewController.swift in Sources */ = {isa = PBXBuildFile; fileRef = 287DB4A8207A2E4E00DF566D /* SNVideoViewerViewController.swift */; };
		287DB4B0207A2E4F00DF566D /* SNImageViewerViewController.swift in Sources */ = {isa = PBXBuildFile; fileRef = 287DB4A9207A2E4E00DF566D /* SNImageViewerViewController.swift */; };
		287DB4B1207A2E4F00DF566D /* SNRecordingCountDown.swift in Sources */ = {isa = PBXBuildFile; fileRef = 287DB4AA207A2E4E00DF566D /* SNRecordingCountDown.swift */; };
		287DB4B2207A2E4F00DF566D /* SNVideoRecorderViewProtocol.swift in Sources */ = {isa = PBXBuildFile; fileRef = 287DB4AB207A2E4E00DF566D /* SNVideoRecorderViewProtocol.swift */; };
		287DB4B3207A2E4F00DF566D /* SNVideoRecorderViewController.swift in Sources */ = {isa = PBXBuildFile; fileRef = 287DB4AC207A2E4F00DF566D /* SNVideoRecorderViewController.swift */; };
		287DB4B4207A2E4F00DF566D /* SNVideoRecorderDelegate.swift in Sources */ = {isa = PBXBuildFile; fileRef = 287DB4AD207A2E4F00DF566D /* SNVideoRecorderDelegate.swift */; };
		287DB4B5207A2E4F00DF566D /* SNRecordButton.swift in Sources */ = {isa = PBXBuildFile; fileRef = 287DB4AE207A2E4F00DF566D /* SNRecordButton.swift */; };
		287DB4B7207A2F4C00DF566D /* RecipeStepsAddViewController.swift in Sources */ = {isa = PBXBuildFile; fileRef = 287DB4B6207A2F4B00DF566D /* RecipeStepsAddViewController.swift */; };
		287DB4BA207A30B000DF566D /* RecipeStepAddCell.swift in Sources */ = {isa = PBXBuildFile; fileRef = 287DB4B8207A30B000DF566D /* RecipeStepAddCell.swift */; };
		287DB4BB207A30B000DF566D /* RecipeStepAddCell.xib in Resources */ = {isa = PBXBuildFile; fileRef = 287DB4B9207A30B000DF566D /* RecipeStepAddCell.xib */; };
		288304852081E6A7006CD09A /* soupeImage.jpg in Resources */ = {isa = PBXBuildFile; fileRef = 288304842081E6A7006CD09A /* soupeImage.jpg */; };
		288304872081E6F2006CD09A /* salatImage.jpg in Resources */ = {isa = PBXBuildFile; fileRef = 288304862081E6F2006CD09A /* salatImage.jpg */; };
		288304892081E7A0006CD09A /* desertImage.jpg in Resources */ = {isa = PBXBuildFile; fileRef = 288304882081E7A0006CD09A /* desertImage.jpg */; };
		2883048B2081E7A8006CD09A /* snackImage.jpg in Resources */ = {isa = PBXBuildFile; fileRef = 2883048A2081E7A8006CD09A /* snackImage.jpg */; };
		2883048D2081E7DA006CD09A /* golabki.jpg in Resources */ = {isa = PBXBuildFile; fileRef = 2883048C2081E7DA006CD09A /* golabki.jpg */; };
		2883048F2081E7E2006CD09A /* schabowy.jpg in Resources */ = {isa = PBXBuildFile; fileRef = 2883048E2081E7E2006CD09A /* schabowy.jpg */; };
		288304912081E7E9006CD09A /* bigos.jpg in Resources */ = {isa = PBXBuildFile; fileRef = 288304902081E7E9006CD09A /* bigos.jpg */; };
		288304932081E7F2006CD09A /* barszcz_czerwony.jpg in Resources */ = {isa = PBXBuildFile; fileRef = 288304922081E7F2006CD09A /* barszcz_czerwony.jpg */; };
		288304952081E7F8006CD09A /* zurek_z_jajkiem.jpg in Resources */ = {isa = PBXBuildFile; fileRef = 288304942081E7F8006CD09A /* zurek_z_jajkiem.jpg */; };
		288304972081E801006CD09A /* rosol.jpg in Resources */ = {isa = PBXBuildFile; fileRef = 288304962081E801006CD09A /* rosol.jpg */; };
		288304A02081E825006CD09A /* 1.gif in Resources */ = {isa = PBXBuildFile; fileRef = 288304982081E825006CD09A /* 1.gif */; };
		288304A12081E825006CD09A /* 5.gif in Resources */ = {isa = PBXBuildFile; fileRef = 288304992081E825006CD09A /* 5.gif */; };
		288304A22081E825006CD09A /* 6.gif in Resources */ = {isa = PBXBuildFile; fileRef = 2883049A2081E825006CD09A /* 6.gif */; };
		288304A32081E825006CD09A /* 4.gif in Resources */ = {isa = PBXBuildFile; fileRef = 2883049B2081E825006CD09A /* 4.gif */; };
		288304A42081E825006CD09A /* 2.gif in Resources */ = {isa = PBXBuildFile; fileRef = 2883049C2081E825006CD09A /* 2.gif */; };
		288304A52081E825006CD09A /* 7.gif in Resources */ = {isa = PBXBuildFile; fileRef = 2883049D2081E825006CD09A /* 7.gif */; };
		288304A62081E825006CD09A /* 3.gif in Resources */ = {isa = PBXBuildFile; fileRef = 2883049E2081E825006CD09A /* 3.gif */; };
		288304A72081E825006CD09A /* 8.gif in Resources */ = {isa = PBXBuildFile; fileRef = 2883049F2081E825006CD09A /* 8.gif */; };
		28A035842067C6260069BDB2 /* FoodMainViewController.swift in Sources */ = {isa = PBXBuildFile; fileRef = 28A035832067C6260069BDB2 /* FoodMainViewController.swift */; };
		28A035862067C9C60069BDB2 /* Recipe.swift in Sources */ = {isa = PBXBuildFile; fileRef = 28A035852067C9C60069BDB2 /* Recipe.swift */; };
		28A0358B20681E130069BDB2 /* RecipeComponentCell.swift in Sources */ = {isa = PBXBuildFile; fileRef = 28A0358920681E130069BDB2 /* RecipeComponentCell.swift */; };
		28A0358C20681E130069BDB2 /* RecipeComponentCell.xib in Resources */ = {isa = PBXBuildFile; fileRef = 28A0358A20681E130069BDB2 /* RecipeComponentCell.xib */; };
		28A03592206828E60069BDB2 /* RecipeMainViewController.swift in Sources */ = {isa = PBXBuildFile; fileRef = 28A03591206828E60069BDB2 /* RecipeMainViewController.swift */; };
		28A03595206832150069BDB2 /* RecipeMainCell.swift in Sources */ = {isa = PBXBuildFile; fileRef = 28A03593206832150069BDB2 /* RecipeMainCell.swift */; };
		28A03596206832150069BDB2 /* RecipeMainCell.xib in Resources */ = {isa = PBXBuildFile; fileRef = 28A03594206832150069BDB2 /* RecipeMainCell.xib */; };
		28A03599206AC0B60069BDB2 /* RecipeStepCell.swift in Sources */ = {isa = PBXBuildFile; fileRef = 28A03597206AC0B60069BDB2 /* RecipeStepCell.swift */; };
		28A0359A206AC0B60069BDB2 /* RecipeStepCell.xib in Resources */ = {isa = PBXBuildFile; fileRef = 28A03598206AC0B60069BDB2 /* RecipeStepCell.xib */; };
		28D16ADC20726509006301BD /* RecipeTitltleAddCell.swift in Sources */ = {isa = PBXBuildFile; fileRef = 28D16ADA20726509006301BD /* RecipeTitltleAddCell.swift */; };
		28D16ADD20726509006301BD /* RecipeTitltleAddCell.xib in Resources */ = {isa = PBXBuildFile; fileRef = 28D16ADB20726509006301BD /* RecipeTitltleAddCell.xib */; };
		28D16ADF20726F19006301BD /* RecipeTitleAddViewController.swift in Sources */ = {isa = PBXBuildFile; fileRef = 28D16ADE20726F19006301BD /* RecipeTitleAddViewController.swift */; };
		28D16AE12072BC79006301BD /* Extensions.swift in Sources */ = {isa = PBXBuildFile; fileRef = 28D16AE02072BC79006301BD /* Extensions.swift */; };
		28D5B503205DAFC700DE7BF7 /* FoodType.swift in Sources */ = {isa = PBXBuildFile; fileRef = 28D5B502205DAFC700DE7BF7 /* FoodType.swift */; };
		28D5B505205DB16700DE7BF7 /* mainFoodImage.jpg in Resources */ = {isa = PBXBuildFile; fileRef = 28D5B504205DB16700DE7BF7 /* mainFoodImage.jpg */; };
		28D5B507205DB21700DE7BF7 /* FoodTypeCell.swift in Sources */ = {isa = PBXBuildFile; fileRef = 28D5B506205DB21700DE7BF7 /* FoodTypeCell.swift */; };
		87508C952037BD66697C7166 /* Pods_Kitchen_recipes.framework in Frameworks */ = {isa = PBXBuildFile; fileRef = ED30C019FF272203320EA8BB /* Pods_Kitchen_recipes.framework */; };
/* End PBXBuildFile section */

/* Begin PBXContainerItemProxy section */
		2862223B205D190300A9C2B0 /* PBXContainerItemProxy */ = {
			isa = PBXContainerItemProxy;
			containerPortal = 2862221E205D190300A9C2B0 /* Project object */;
			proxyType = 1;
			remoteGlobalIDString = 28622225205D190300A9C2B0;
			remoteInfo = "Kitchen recipes";
		};
		28622246205D190300A9C2B0 /* PBXContainerItemProxy */ = {
			isa = PBXContainerItemProxy;
			containerPortal = 2862221E205D190300A9C2B0 /* Project object */;
			proxyType = 1;
			remoteGlobalIDString = 28622225205D190300A9C2B0;
			remoteInfo = "Kitchen recipes";
		};
/* End PBXContainerItemProxy section */

/* Begin PBXFileReference section */
		062843B6EEA3950549D5E483 /* Pods-Kitchen recipes.release.xcconfig */ = {isa = PBXFileReference; includeInIndex = 1; lastKnownFileType = text.xcconfig; name = "Pods-Kitchen recipes.release.xcconfig"; path = "Pods/Target Support Files/Pods-Kitchen recipes/Pods-Kitchen recipes.release.xcconfig"; sourceTree = "<group>"; };
		280584792066B15E00BBEF10 /* Podfile */ = {isa = PBXFileReference; lastKnownFileType = text; path = Podfile; sourceTree = "<group>"; xcLanguageSpecificationIdentifier = xcode.lang.ruby; };
		2819DFBF206685750055C635 /* FoodTypeInit.swift */ = {isa = PBXFileReference; lastKnownFileType = sourcecode.swift; path = FoodTypeInit.swift; sourceTree = "<group>"; };
		28337003205E5595003664C0 /* Food.swift */ = {isa = PBXFileReference; lastKnownFileType = sourcecode.swift; path = Food.swift; sourceTree = "<group>"; };
		28337005205E5DA4003664C0 /* FoodViewController.swift */ = {isa = PBXFileReference; lastKnownFileType = sourcecode.swift; path = FoodViewController.swift; sourceTree = "<group>"; };
		28622226205D190300A9C2B0 /* Kitchen recipes.app */ = {isa = PBXFileReference; explicitFileType = wrapper.application; includeInIndex = 0; path = "Kitchen recipes.app"; sourceTree = BUILT_PRODUCTS_DIR; };
		28622229205D190300A9C2B0 /* AppDelegate.swift */ = {isa = PBXFileReference; lastKnownFileType = sourcecode.swift; path = AppDelegate.swift; sourceTree = "<group>"; };
		2862222B205D190300A9C2B0 /* ViewController.swift */ = {isa = PBXFileReference; lastKnownFileType = sourcecode.swift; path = ViewController.swift; sourceTree = "<group>"; };
		2862222E205D190300A9C2B0 /* Base */ = {isa = PBXFileReference; lastKnownFileType = file.storyboard; name = Base; path = Base.lproj/Main.storyboard; sourceTree = "<group>"; };
		28622230205D190300A9C2B0 /* Assets.xcassets */ = {isa = PBXFileReference; lastKnownFileType = folder.assetcatalog; path = Assets.xcassets; sourceTree = "<group>"; };
		28622233205D190300A9C2B0 /* Base */ = {isa = PBXFileReference; lastKnownFileType = file.storyboard; name = Base; path = Base.lproj/LaunchScreen.storyboard; sourceTree = "<group>"; };
		28622235205D190300A9C2B0 /* Info.plist */ = {isa = PBXFileReference; lastKnownFileType = text.plist.xml; path = Info.plist; sourceTree = "<group>"; };
		2862223A205D190300A9C2B0 /* Kitchen recipesTests.xctest */ = {isa = PBXFileReference; explicitFileType = wrapper.cfbundle; includeInIndex = 0; path = "Kitchen recipesTests.xctest"; sourceTree = BUILT_PRODUCTS_DIR; };
		2862223E205D190300A9C2B0 /* Kitchen_recipesTests.swift */ = {isa = PBXFileReference; lastKnownFileType = sourcecode.swift; path = Kitchen_recipesTests.swift; sourceTree = "<group>"; };
		28622240205D190300A9C2B0 /* Info.plist */ = {isa = PBXFileReference; lastKnownFileType = text.plist.xml; path = Info.plist; sourceTree = "<group>"; };
		28622245205D190300A9C2B0 /* Kitchen recipesUITests.xctest */ = {isa = PBXFileReference; explicitFileType = wrapper.cfbundle; includeInIndex = 0; path = "Kitchen recipesUITests.xctest"; sourceTree = BUILT_PRODUCTS_DIR; };
		28622249205D190400A9C2B0 /* Kitchen_recipesUITests.swift */ = {isa = PBXFileReference; lastKnownFileType = sourcecode.swift; path = Kitchen_recipesUITests.swift; sourceTree = "<group>"; };
		2862224B205D190400A9C2B0 /* Info.plist */ = {isa = PBXFileReference; lastKnownFileType = text.plist.xml; path = Info.plist; sourceTree = "<group>"; };
		2865C835206AD3A300BA7FEA /* ezgif-4-ed2350780b.gif */ = {isa = PBXFileReference; lastKnownFileType = image.gif; name = "ezgif-4-ed2350780b.gif"; path = "../../../../../Downloads/ezgif-4-ed2350780b.gif"; sourceTree = "<group>"; };
		2865C837206BF96900BA7FEA /* EmptyCell.swift */ = {isa = PBXFileReference; lastKnownFileType = sourcecode.swift; path = EmptyCell.swift; sourceTree = "<group>"; };
		2865C838206BF96900BA7FEA /* EmptyCell.xib */ = {isa = PBXFileReference; lastKnownFileType = file.xib; path = EmptyCell.xib; sourceTree = "<group>"; };
		287DB49B207903D100DF566D /* MenuViewController.swift */ = {isa = PBXFileReference; lastKnownFileType = sourcecode.swift; path = MenuViewController.swift; sourceTree = "<group>"; };
		287DB49D2079041B00DF566D /* MenuTableViewCell.swift */ = {isa = PBXFileReference; lastKnownFileType = sourcecode.swift; path = MenuTableViewCell.swift; sourceTree = "<group>"; };
		287DB49E2079041B00DF566D /* MenuTableViewCell.xib */ = {isa = PBXFileReference; lastKnownFileType = file.xib; path = MenuTableViewCell.xib; sourceTree = "<group>"; };
		287DB4A12079FC1F00DF566D /* FoodCell.swift */ = {isa = PBXFileReference; lastKnownFileType = sourcecode.swift; path = FoodCell.swift; sourceTree = "<group>"; };
		287DB4A22079FC1F00DF566D /* FoodCell.xib */ = {isa = PBXFileReference; lastKnownFileType = file.xib; path = FoodCell.xib; sourceTree = "<group>"; };
		287DB4A5207A003E00DF566D /* RecipeHandler.swift */ = {isa = PBXFileReference; lastKnownFileType = sourcecode.swift; path = RecipeHandler.swift; sourceTree = "<group>"; };
		287DB4A8207A2E4E00DF566D /* SNVideoViewerViewController.swift */ = {isa = PBXFileReference; fileEncoding = 4; lastKnownFileType = sourcecode.swift; name = SNVideoViewerViewController.swift; path = "../../../../SNVideoRecorder-master/SNVideoRecorder/Classes/SNVideoViewerViewController.swift"; sourceTree = "<group>"; };
		287DB4A9207A2E4E00DF566D /* SNImageViewerViewController.swift */ = {isa = PBXFileReference; fileEncoding = 4; lastKnownFileType = sourcecode.swift; name = SNImageViewerViewController.swift; path = "../../../../SNVideoRecorder-master/SNVideoRecorder/Classes/SNImageViewerViewController.swift"; sourceTree = "<group>"; };
		287DB4AA207A2E4E00DF566D /* SNRecordingCountDown.swift */ = {isa = PBXFileReference; fileEncoding = 4; lastKnownFileType = sourcecode.swift; name = SNRecordingCountDown.swift; path = "../../../../SNVideoRecorder-master/SNVideoRecorder/Classes/SNRecordingCountDown.swift"; sourceTree = "<group>"; };
		287DB4AB207A2E4E00DF566D /* SNVideoRecorderViewProtocol.swift */ = {isa = PBXFileReference; fileEncoding = 4; lastKnownFileType = sourcecode.swift; name = SNVideoRecorderViewProtocol.swift; path = "../../../../SNVideoRecorder-master/SNVideoRecorder/Classes/SNVideoRecorderViewProtocol.swift"; sourceTree = "<group>"; };
		287DB4AC207A2E4F00DF566D /* SNVideoRecorderViewController.swift */ = {isa = PBXFileReference; fileEncoding = 4; lastKnownFileType = sourcecode.swift; name = SNVideoRecorderViewController.swift; path = "../../../../SNVideoRecorder-master/SNVideoRecorder/Classes/SNVideoRecorderViewController.swift"; sourceTree = "<group>"; };
		287DB4AD207A2E4F00DF566D /* SNVideoRecorderDelegate.swift */ = {isa = PBXFileReference; fileEncoding = 4; lastKnownFileType = sourcecode.swift; name = SNVideoRecorderDelegate.swift; path = "../../../../SNVideoRecorder-master/SNVideoRecorder/Classes/SNVideoRecorderDelegate.swift"; sourceTree = "<group>"; };
		287DB4AE207A2E4F00DF566D /* SNRecordButton.swift */ = {isa = PBXFileReference; fileEncoding = 4; lastKnownFileType = sourcecode.swift; name = SNRecordButton.swift; path = "../../../../SNVideoRecorder-master/SNVideoRecorder/Classes/SNRecordButton.swift"; sourceTree = "<group>"; };
		287DB4B6207A2F4B00DF566D /* RecipeStepsAddViewController.swift */ = {isa = PBXFileReference; lastKnownFileType = sourcecode.swift; path = RecipeStepsAddViewController.swift; sourceTree = "<group>"; };
		287DB4B8207A30B000DF566D /* RecipeStepAddCell.swift */ = {isa = PBXFileReference; lastKnownFileType = sourcecode.swift; path = RecipeStepAddCell.swift; sourceTree = "<group>"; };
		287DB4B9207A30B000DF566D /* RecipeStepAddCell.xib */ = {isa = PBXFileReference; lastKnownFileType = file.xib; path = RecipeStepAddCell.xib; sourceTree = "<group>"; };
		288304842081E6A7006CD09A /* soupeImage.jpg */ = {isa = PBXFileReference; lastKnownFileType = image.jpeg; path = soupeImage.jpg; sourceTree = "<group>"; };
		288304862081E6F2006CD09A /* salatImage.jpg */ = {isa = PBXFileReference; lastKnownFileType = image.jpeg; path = salatImage.jpg; sourceTree = "<group>"; };
		288304882081E7A0006CD09A /* desertImage.jpg */ = {isa = PBXFileReference; lastKnownFileType = image.jpeg; path = desertImage.jpg; sourceTree = "<group>"; };
		2883048A2081E7A8006CD09A /* snackImage.jpg */ = {isa = PBXFileReference; lastKnownFileType = image.jpeg; path = snackImage.jpg; sourceTree = "<group>"; };
		2883048C2081E7DA006CD09A /* golabki.jpg */ = {isa = PBXFileReference; lastKnownFileType = image.jpeg; path = golabki.jpg; sourceTree = "<group>"; };
		2883048E2081E7E2006CD09A /* schabowy.jpg */ = {isa = PBXFileReference; lastKnownFileType = image.jpeg; path = schabowy.jpg; sourceTree = "<group>"; };
		288304902081E7E9006CD09A /* bigos.jpg */ = {isa = PBXFileReference; lastKnownFileType = image.jpeg; path = bigos.jpg; sourceTree = "<group>"; };
		288304922081E7F2006CD09A /* barszcz_czerwony.jpg */ = {isa = PBXFileReference; lastKnownFileType = image.jpeg; path = barszcz_czerwony.jpg; sourceTree = "<group>"; };
		288304942081E7F8006CD09A /* zurek_z_jajkiem.jpg */ = {isa = PBXFileReference; lastKnownFileType = image.jpeg; path = zurek_z_jajkiem.jpg; sourceTree = "<group>"; };
		288304962081E801006CD09A /* rosol.jpg */ = {isa = PBXFileReference; lastKnownFileType = image.jpeg; path = rosol.jpg; sourceTree = "<group>"; };
		288304982081E825006CD09A /* 1.gif */ = {isa = PBXFileReference; lastKnownFileType = image.gif; path = 1.gif; sourceTree = "<group>"; };
		288304992081E825006CD09A /* 5.gif */ = {isa = PBXFileReference; lastKnownFileType = image.gif; path = 5.gif; sourceTree = "<group>"; };
		2883049A2081E825006CD09A /* 6.gif */ = {isa = PBXFileReference; lastKnownFileType = image.gif; path = 6.gif; sourceTree = "<group>"; };
		2883049B2081E825006CD09A /* 4.gif */ = {isa = PBXFileReference; lastKnownFileType = image.gif; path = 4.gif; sourceTree = "<group>"; };
		2883049C2081E825006CD09A /* 2.gif */ = {isa = PBXFileReference; lastKnownFileType = image.gif; path = 2.gif; sourceTree = "<group>"; };
		2883049D2081E825006CD09A /* 7.gif */ = {isa = PBXFileReference; lastKnownFileType = image.gif; path = 7.gif; sourceTree = "<group>"; };
		2883049E2081E825006CD09A /* 3.gif */ = {isa = PBXFileReference; lastKnownFileType = image.gif; path = 3.gif; sourceTree = "<group>"; };
		2883049F2081E825006CD09A /* 8.gif */ = {isa = PBXFileReference; lastKnownFileType = image.gif; path = 8.gif; sourceTree = "<group>"; };
		28A035832067C6260069BDB2 /* FoodMainViewController.swift */ = {isa = PBXFileReference; lastKnownFileType = sourcecode.swift; path = FoodMainViewController.swift; sourceTree = "<group>"; };
		28A035852067C9C60069BDB2 /* Recipe.swift */ = {isa = PBXFileReference; lastKnownFileType = sourcecode.swift; path = Recipe.swift; sourceTree = "<group>"; };
		28A0358920681E130069BDB2 /* RecipeComponentCell.swift */ = {isa = PBXFileReference; lastKnownFileType = sourcecode.swift; path = RecipeComponentCell.swift; sourceTree = "<group>"; };
		28A0358A20681E130069BDB2 /* RecipeComponentCell.xib */ = {isa = PBXFileReference; lastKnownFileType = file.xib; path = RecipeComponentCell.xib; sourceTree = "<group>"; };
		28A03591206828E60069BDB2 /* RecipeMainViewController.swift */ = {isa = PBXFileReference; lastKnownFileType = sourcecode.swift; path = RecipeMainViewController.swift; sourceTree = "<group>"; };
		28A03593206832150069BDB2 /* RecipeMainCell.swift */ = {isa = PBXFileReference; lastKnownFileType = sourcecode.swift; path = RecipeMainCell.swift; sourceTree = "<group>"; };
		28A03594206832150069BDB2 /* RecipeMainCell.xib */ = {isa = PBXFileReference; lastKnownFileType = file.xib; path = RecipeMainCell.xib; sourceTree = "<group>"; };
		28A03597206AC0B60069BDB2 /* RecipeStepCell.swift */ = {isa = PBXFileReference; lastKnownFileType = sourcecode.swift; path = RecipeStepCell.swift; sourceTree = "<group>"; };
		28A03598206AC0B60069BDB2 /* RecipeStepCell.xib */ = {isa = PBXFileReference; lastKnownFileType = file.xib; path = RecipeStepCell.xib; sourceTree = "<group>"; };
		28D16ADA20726509006301BD /* RecipeTitltleAddCell.swift */ = {isa = PBXFileReference; lastKnownFileType = sourcecode.swift; path = RecipeTitltleAddCell.swift; sourceTree = "<group>"; };
		28D16ADB20726509006301BD /* RecipeTitltleAddCell.xib */ = {isa = PBXFileReference; lastKnownFileType = file.xib; path = RecipeTitltleAddCell.xib; sourceTree = "<group>"; };
		28D16ADE20726F19006301BD /* RecipeTitleAddViewController.swift */ = {isa = PBXFileReference; lastKnownFileType = sourcecode.swift; path = RecipeTitleAddViewController.swift; sourceTree = "<group>"; };
		28D16AE02072BC79006301BD /* Extensions.swift */ = {isa = PBXFileReference; lastKnownFileType = sourcecode.swift; path = Extensions.swift; sourceTree = "<group>"; };
		28D5B502205DAFC700DE7BF7 /* FoodType.swift */ = {isa = PBXFileReference; lastKnownFileType = sourcecode.swift; path = FoodType.swift; sourceTree = "<group>"; };
		28D5B504205DB16700DE7BF7 /* mainFoodImage.jpg */ = {isa = PBXFileReference; lastKnownFileType = image.jpeg; name = mainFoodImage.jpg; path = ../../../../../Downloads/mainFoodImage.jpg; sourceTree = "<group>"; };
		28D5B506205DB21700DE7BF7 /* FoodTypeCell.swift */ = {isa = PBXFileReference; lastKnownFileType = sourcecode.swift; path = FoodTypeCell.swift; sourceTree = "<group>"; };
		AA21F2E30D6747B5AA879CC6 /* Pods-Kitchen recipes.debug.xcconfig */ = {isa = PBXFileReference; includeInIndex = 1; lastKnownFileType = text.xcconfig; name = "Pods-Kitchen recipes.debug.xcconfig"; path = "Pods/Target Support Files/Pods-Kitchen recipes/Pods-Kitchen recipes.debug.xcconfig"; sourceTree = "<group>"; };
		ED30C019FF272203320EA8BB /* Pods_Kitchen_recipes.framework */ = {isa = PBXFileReference; explicitFileType = wrapper.framework; includeInIndex = 0; path = Pods_Kitchen_recipes.framework; sourceTree = BUILT_PRODUCTS_DIR; };
/* End PBXFileReference section */

/* Begin PBXFrameworksBuildPhase section */
		28622223205D190300A9C2B0 /* Frameworks */ = {
			isa = PBXFrameworksBuildPhase;
			buildActionMask = 2147483647;
			files = (
				87508C952037BD66697C7166 /* Pods_Kitchen_recipes.framework in Frameworks */,
			);
			runOnlyForDeploymentPostprocessing = 0;
		};
		28622237205D190300A9C2B0 /* Frameworks */ = {
			isa = PBXFrameworksBuildPhase;
			buildActionMask = 2147483647;
			files = (
			);
			runOnlyForDeploymentPostprocessing = 0;
		};
		28622242205D190300A9C2B0 /* Frameworks */ = {
			isa = PBXFrameworksBuildPhase;
			buildActionMask = 2147483647;
			files = (
			);
			runOnlyForDeploymentPostprocessing = 0;
		};
/* End PBXFrameworksBuildPhase section */

/* Begin PBXGroup section */
		2862221D205D190300A9C2B0 = {
			isa = PBXGroup;
			children = (
				280584792066B15E00BBEF10 /* Podfile */,
				28622228205D190300A9C2B0 /* Kitchen recipes */,
				2862223D205D190300A9C2B0 /* Kitchen recipesTests */,
				28622248205D190400A9C2B0 /* Kitchen recipesUITests */,
				28622227205D190300A9C2B0 /* Products */,
				530FC3306B9D3EAD79C4D63A /* Pods */,
				44BAA901F197AF99475D3BB9 /* Frameworks */,
			);
			sourceTree = "<group>";
		};
		28622227205D190300A9C2B0 /* Products */ = {
			isa = PBXGroup;
			children = (
				28622226205D190300A9C2B0 /* Kitchen recipes.app */,
				2862223A205D190300A9C2B0 /* Kitchen recipesTests.xctest */,
				28622245205D190300A9C2B0 /* Kitchen recipesUITests.xctest */,
			);
			name = Products;
			sourceTree = "<group>";
		};
		28622228205D190300A9C2B0 /* Kitchen recipes */ = {
			isa = PBXGroup;
			children = (
				287DB4A7207A2E2E00DF566D /* ScnVideoRecorder */,
				28D5B501205DAFA600DE7BF7 /* Cell */,
				28D5B500205DAF0000DE7BF7 /* Images */,
				28622259205D993000A9C2B0 /* Classes */,
				28622258205D990B00A9C2B0 /* Views */,
				28622229205D190300A9C2B0 /* AppDelegate.swift */,
				2862222D205D190300A9C2B0 /* Main.storyboard */,
				28622230205D190300A9C2B0 /* Assets.xcassets */,
				28622232205D190300A9C2B0 /* LaunchScreen.storyboard */,
				28622235205D190300A9C2B0 /* Info.plist */,
				28D16AE02072BC79006301BD /* Extensions.swift */,
			);
			path = "Kitchen recipes";
			sourceTree = "<group>";
		};
		2862223D205D190300A9C2B0 /* Kitchen recipesTests */ = {
			isa = PBXGroup;
			children = (
				2862223E205D190300A9C2B0 /* Kitchen_recipesTests.swift */,
				28622240205D190300A9C2B0 /* Info.plist */,
			);
			path = "Kitchen recipesTests";
			sourceTree = "<group>";
		};
		28622248205D190400A9C2B0 /* Kitchen recipesUITests */ = {
			isa = PBXGroup;
			children = (
				28622249205D190400A9C2B0 /* Kitchen_recipesUITests.swift */,
				2862224B205D190400A9C2B0 /* Info.plist */,
			);
			path = "Kitchen recipesUITests";
			sourceTree = "<group>";
		};
		28622258205D990B00A9C2B0 /* Views */ = {
			isa = PBXGroup;
			children = (
				2862222B205D190300A9C2B0 /* ViewController.swift */,
				28337005205E5DA4003664C0 /* FoodViewController.swift */,
				28A035832067C6260069BDB2 /* FoodMainViewController.swift */,
				28A03591206828E60069BDB2 /* RecipeMainViewController.swift */,
				28D16ADE20726F19006301BD /* RecipeTitleAddViewController.swift */,
				287DB4B6207A2F4B00DF566D /* RecipeStepsAddViewController.swift */,
				287DB49B207903D100DF566D /* MenuViewController.swift */,
			);
			path = Views;
			sourceTree = "<group>";
		};
		28622259205D993000A9C2B0 /* Classes */ = {
			isa = PBXGroup;
			children = (
				28D5B502205DAFC700DE7BF7 /* FoodType.swift */,
				28337003205E5595003664C0 /* Food.swift */,
				2819DFBF206685750055C635 /* FoodTypeInit.swift */,
				28A035852067C9C60069BDB2 /* Recipe.swift */,
				287DB4A5207A003E00DF566D /* RecipeHandler.swift */,
			);
			path = Classes;
			sourceTree = "<group>";
		};
		2865C83B206C022100BA7FEA /* Golabki */ = {
			isa = PBXGroup;
			children = (
				288304982081E825006CD09A /* 1.gif */,
				2883049C2081E825006CD09A /* 2.gif */,
				2883049E2081E825006CD09A /* 3.gif */,
				2883049B2081E825006CD09A /* 4.gif */,
				288304992081E825006CD09A /* 5.gif */,
				2883049A2081E825006CD09A /* 6.gif */,
				2883049D2081E825006CD09A /* 7.gif */,
				2883049F2081E825006CD09A /* 8.gif */,
			);
			path = Golabki;
			sourceTree = "<group>";
		};
		287DB4A7207A2E2E00DF566D /* ScnVideoRecorder */ = {
			isa = PBXGroup;
			children = (
				287DB4A9207A2E4E00DF566D /* SNImageViewerViewController.swift */,
				287DB4AE207A2E4F00DF566D /* SNRecordButton.swift */,
				287DB4AA207A2E4E00DF566D /* SNRecordingCountDown.swift */,
				287DB4AD207A2E4F00DF566D /* SNVideoRecorderDelegate.swift */,
				287DB4AC207A2E4F00DF566D /* SNVideoRecorderViewController.swift */,
				287DB4AB207A2E4E00DF566D /* SNVideoRecorderViewProtocol.swift */,
				287DB4A8207A2E4E00DF566D /* SNVideoViewerViewController.swift */,
			);
			path = ScnVideoRecorder;
			sourceTree = "<group>";
		};
		28D16AD9207264DB006301BD /* Recipe Add Cells */ = {
			isa = PBXGroup;
			children = (
				28D16ADA20726509006301BD /* RecipeTitltleAddCell.swift */,
				28D16ADB20726509006301BD /* RecipeTitltleAddCell.xib */,
				287DB4B8207A30B000DF566D /* RecipeStepAddCell.swift */,
				287DB4B9207A30B000DF566D /* RecipeStepAddCell.xib */,
			);
			path = "Recipe Add Cells";
			sourceTree = "<group>";
		};
		28D5B500205DAF0000DE7BF7 /* Images */ = {
			isa = PBXGroup;
			children = (
				2865C83B206C022100BA7FEA /* Golabki */,
				28D5B504205DB16700DE7BF7 /* mainFoodImage.jpg */,
				288304842081E6A7006CD09A /* soupeImage.jpg */,
				288304862081E6F2006CD09A /* salatImage.jpg */,
				288304882081E7A0006CD09A /* desertImage.jpg */,
				2883048A2081E7A8006CD09A /* snackImage.jpg */,
				2883048C2081E7DA006CD09A /* golabki.jpg */,
				2883048E2081E7E2006CD09A /* schabowy.jpg */,
				288304902081E7E9006CD09A /* bigos.jpg */,
				288304922081E7F2006CD09A /* barszcz_czerwony.jpg */,
				2865C835206AD3A300BA7FEA /* ezgif-4-ed2350780b.gif */,
				288304942081E7F8006CD09A /* zurek_z_jajkiem.jpg */,
				288304962081E801006CD09A /* rosol.jpg */,
			);
			path = Images;
			sourceTree = "<group>";
		};
		28D5B501205DAFA600DE7BF7 /* Cell */ = {
			isa = PBXGroup;
			children = (
				28D16AD9207264DB006301BD /* Recipe Add Cells */,
				28D5B506205DB21700DE7BF7 /* FoodTypeCell.swift */,
				287DB4A22079FC1F00DF566D /* FoodCell.xib */,
				287DB4A12079FC1F00DF566D /* FoodCell.swift */,
				28A0358920681E130069BDB2 /* RecipeComponentCell.swift */,
				28A0358A20681E130069BDB2 /* RecipeComponentCell.xib */,
				28A03593206832150069BDB2 /* RecipeMainCell.swift */,
				28A03594206832150069BDB2 /* RecipeMainCell.xib */,
				28A03597206AC0B60069BDB2 /* RecipeStepCell.swift */,
				28A03598206AC0B60069BDB2 /* RecipeStepCell.xib */,
				2865C837206BF96900BA7FEA /* EmptyCell.swift */,
				2865C838206BF96900BA7FEA /* EmptyCell.xib */,
				287DB49D2079041B00DF566D /* MenuTableViewCell.swift */,
				287DB49E2079041B00DF566D /* MenuTableViewCell.xib */,
			);
			path = Cell;
			sourceTree = "<group>";
		};
		44BAA901F197AF99475D3BB9 /* Frameworks */ = {
			isa = PBXGroup;
			children = (
				ED30C019FF272203320EA8BB /* Pods_Kitchen_recipes.framework */,
			);
			name = Frameworks;
			sourceTree = "<group>";
		};
		530FC3306B9D3EAD79C4D63A /* Pods */ = {
			isa = PBXGroup;
			children = (
				AA21F2E30D6747B5AA879CC6 /* Pods-Kitchen recipes.debug.xcconfig */,
				062843B6EEA3950549D5E483 /* Pods-Kitchen recipes.release.xcconfig */,
			);
			name = Pods;
			sourceTree = "<group>";
		};
/* End PBXGroup section */

/* Begin PBXNativeTarget section */
		28622225205D190300A9C2B0 /* Kitchen recipes */ = {
			isa = PBXNativeTarget;
			buildConfigurationList = 2862224E205D190400A9C2B0 /* Build configuration list for PBXNativeTarget "Kitchen recipes" */;
			buildPhases = (
				FDC9A34E45E0709EFBD32C5C /* [CP] Check Pods Manifest.lock */,
				28622222205D190300A9C2B0 /* Sources */,
				28622223205D190300A9C2B0 /* Frameworks */,
				28622224205D190300A9C2B0 /* Resources */,
				28110E2E27228175AC11D4F4 /* [CP] Embed Pods Frameworks */,
				1659BB2F88F9202147BBD300 /* [CP] Copy Pods Resources */,
			);
			buildRules = (
			);
			dependencies = (
			);
			name = "Kitchen recipes";
			productName = "Kitchen recipes";
			productReference = 28622226205D190300A9C2B0 /* Kitchen recipes.app */;
			productType = "com.apple.product-type.application";
		};
		28622239205D190300A9C2B0 /* Kitchen recipesTests */ = {
			isa = PBXNativeTarget;
			buildConfigurationList = 28622251205D190400A9C2B0 /* Build configuration list for PBXNativeTarget "Kitchen recipesTests" */;
			buildPhases = (
				28622236205D190300A9C2B0 /* Sources */,
				28622237205D190300A9C2B0 /* Frameworks */,
				28622238205D190300A9C2B0 /* Resources */,
			);
			buildRules = (
			);
			dependencies = (
				2862223C205D190300A9C2B0 /* PBXTargetDependency */,
			);
			name = "Kitchen recipesTests";
			productName = "Kitchen recipesTests";
			productReference = 2862223A205D190300A9C2B0 /* Kitchen recipesTests.xctest */;
			productType = "com.apple.product-type.bundle.unit-test";
		};
		28622244205D190300A9C2B0 /* Kitchen recipesUITests */ = {
			isa = PBXNativeTarget;
			buildConfigurationList = 28622254205D190400A9C2B0 /* Build configuration list for PBXNativeTarget "Kitchen recipesUITests" */;
			buildPhases = (
				28622241205D190300A9C2B0 /* Sources */,
				28622242205D190300A9C2B0 /* Frameworks */,
				28622243205D190300A9C2B0 /* Resources */,
			);
			buildRules = (
			);
			dependencies = (
				28622247205D190300A9C2B0 /* PBXTargetDependency */,
			);
			name = "Kitchen recipesUITests";
			productName = "Kitchen recipesUITests";
			productReference = 28622245205D190300A9C2B0 /* Kitchen recipesUITests.xctest */;
			productType = "com.apple.product-type.bundle.ui-testing";
		};
/* End PBXNativeTarget section */

/* Begin PBXProject section */
		2862221E205D190300A9C2B0 /* Project object */ = {
			isa = PBXProject;
			attributes = {
				LastSwiftUpdateCheck = 0920;
				LastUpgradeCheck = 0920;
				ORGANIZATIONNAME = "Valentin Nacharov";
				TargetAttributes = {
					28622225205D190300A9C2B0 = {
						CreatedOnToolsVersion = 9.2;
						ProvisioningStyle = Automatic;
					};
					28622239205D190300A9C2B0 = {
						CreatedOnToolsVersion = 9.2;
						ProvisioningStyle = Automatic;
						TestTargetID = 28622225205D190300A9C2B0;
					};
					28622244205D190300A9C2B0 = {
						CreatedOnToolsVersion = 9.2;
						ProvisioningStyle = Automatic;
						TestTargetID = 28622225205D190300A9C2B0;
					};
				};
			};
			buildConfigurationList = 28622221205D190300A9C2B0 /* Build configuration list for PBXProject "Kitchen recipes" */;
			compatibilityVersion = "Xcode 8.0";
			developmentRegion = en;
			hasScannedForEncodings = 0;
			knownRegions = (
				en,
				Base,
			);
			mainGroup = 2862221D205D190300A9C2B0;
			productRefGroup = 28622227205D190300A9C2B0 /* Products */;
			projectDirPath = "";
			projectRoot = "";
			targets = (
				28622225205D190300A9C2B0 /* Kitchen recipes */,
				28622239205D190300A9C2B0 /* Kitchen recipesTests */,
				28622244205D190300A9C2B0 /* Kitchen recipesUITests */,
			);
		};
/* End PBXProject section */

/* Begin PBXResourcesBuildPhase section */
		28622224205D190300A9C2B0 /* Resources */ = {
			isa = PBXResourcesBuildPhase;
			buildActionMask = 2147483647;
			files = (
				2805847A2066B15E00BBEF10 /* Podfile in Resources */,
				288304A72081E825006CD09A /* 8.gif in Resources */,
				288304932081E7F2006CD09A /* barszcz_czerwony.jpg in Resources */,
				2865C83A206BF96900BA7FEA /* EmptyCell.xib in Resources */,
				287DB4BB207A30B000DF566D /* RecipeStepAddCell.xib in Resources */,
				2865C836206AD3A300BA7FEA /* ezgif-4-ed2350780b.gif in Resources */,
				288304952081E7F8006CD09A /* zurek_z_jajkiem.jpg in Resources */,
				288304A52081E825006CD09A /* 7.gif in Resources */,
				288304972081E801006CD09A /* rosol.jpg in Resources */,
				28622234205D190300A9C2B0 /* LaunchScreen.storyboard in Resources */,
				288304892081E7A0006CD09A /* desertImage.jpg in Resources */,
				288304A22081E825006CD09A /* 6.gif in Resources */,
				28A0358C20681E130069BDB2 /* RecipeComponentCell.xib in Resources */,
				288304A12081E825006CD09A /* 5.gif in Resources */,
				28622231205D190300A9C2B0 /* Assets.xcassets in Resources */,
				288304A32081E825006CD09A /* 4.gif in Resources */,
				288304912081E7E9006CD09A /* bigos.jpg in Resources */,
				28A0359A206AC0B60069BDB2 /* RecipeStepCell.xib in Resources */,
				288304A62081E825006CD09A /* 3.gif in Resources */,
				288304A02081E825006CD09A /* 1.gif in Resources */,
				2883048B2081E7A8006CD09A /* snackImage.jpg in Resources */,
				28D16ADD20726509006301BD /* RecipeTitltleAddCell.xib in Resources */,
				2883048D2081E7DA006CD09A /* golabki.jpg in Resources */,
				2862222F205D190300A9C2B0 /* Main.storyboard in Resources */,
				287DB4A42079FC1F00DF566D /* FoodCell.xib in Resources */,
				287DB4A02079041B00DF566D /* MenuTableViewCell.xib in Resources */,
				288304872081E6F2006CD09A /* salatImage.jpg in Resources */,
				288304A42081E825006CD09A /* 2.gif in Resources */,
				28D5B505205DB16700DE7BF7 /* mainFoodImage.jpg in Resources */,
				28A03596206832150069BDB2 /* RecipeMainCell.xib in Resources */,
				2883048F2081E7E2006CD09A /* schabowy.jpg in Resources */,
				288304852081E6A7006CD09A /* soupeImage.jpg in Resources */,
			);
			runOnlyForDeploymentPostprocessing = 0;
		};
		28622238205D190300A9C2B0 /* Resources */ = {
			isa = PBXResourcesBuildPhase;
			buildActionMask = 2147483647;
			files = (
			);
			runOnlyForDeploymentPostprocessing = 0;
		};
		28622243205D190300A9C2B0 /* Resources */ = {
			isa = PBXResourcesBuildPhase;
			buildActionMask = 2147483647;
			files = (
			);
			runOnlyForDeploymentPostprocessing = 0;
		};
/* End PBXResourcesBuildPhase section */

/* Begin PBXShellScriptBuildPhase section */
		1659BB2F88F9202147BBD300 /* [CP] Copy Pods Resources */ = {
			isa = PBXShellScriptBuildPhase;
			buildActionMask = 2147483647;
			files = (
			);
			inputPaths = (
			);
			name = "[CP] Copy Pods Resources";
			outputPaths = (
			);
			runOnlyForDeploymentPostprocessing = 0;
			shellPath = /bin/sh;
			shellScript = "\"${SRCROOT}/Pods/Target Support Files/Pods-Kitchen recipes/Pods-Kitchen recipes-resources.sh\"\n";
			showEnvVarsInLog = 0;
		};
		28110E2E27228175AC11D4F4 /* [CP] Embed Pods Frameworks */ = {
			isa = PBXShellScriptBuildPhase;
			buildActionMask = 2147483647;
			files = (
			);
			inputPaths = (
				"${SRCROOT}/Pods/Target Support Files/Pods-Kitchen recipes/Pods-Kitchen recipes-frameworks.sh",
				"${BUILT_PRODUCTS_DIR}/Cosmos/Cosmos.framework",
				"${BUILT_PRODUCTS_DIR}/Gifu/Gifu.framework",
				"${BUILT_PRODUCTS_DIR}/NVActivityIndicatorView/NVActivityIndicatorView.framework",
				"${BUILT_PRODUCTS_DIR}/Regift/Regift.framework",
				"${BUILT_PRODUCTS_DIR}/SwiftGifOrigin/SwiftGifOrigin.framework",
				"${BUILT_PRODUCTS_DIR}/SwiftyGif/SwiftyGif.framework",
				"${BUILT_PRODUCTS_DIR}/YALSideMenu/SideMenu.framework",
			);
			name = "[CP] Embed Pods Frameworks";
			outputPaths = (
				"${TARGET_BUILD_DIR}/${FRAMEWORKS_FOLDER_PATH}/Cosmos.framework",
				"${TARGET_BUILD_DIR}/${FRAMEWORKS_FOLDER_PATH}/Gifu.framework",
				"${TARGET_BUILD_DIR}/${FRAMEWORKS_FOLDER_PATH}/NVActivityIndicatorView.framework",
				"${TARGET_BUILD_DIR}/${FRAMEWORKS_FOLDER_PATH}/Regift.framework",
				"${TARGET_BUILD_DIR}/${FRAMEWORKS_FOLDER_PATH}/SwiftGifOrigin.framework",
				"${TARGET_BUILD_DIR}/${FRAMEWORKS_FOLDER_PATH}/SwiftyGif.framework",
				"${TARGET_BUILD_DIR}/${FRAMEWORKS_FOLDER_PATH}/SideMenu.framework",
			);
			runOnlyForDeploymentPostprocessing = 0;
			shellPath = /bin/sh;
			shellScript = "\"${SRCROOT}/Pods/Target Support Files/Pods-Kitchen recipes/Pods-Kitchen recipes-frameworks.sh\"\n";
			showEnvVarsInLog = 0;
		};
		FDC9A34E45E0709EFBD32C5C /* [CP] Check Pods Manifest.lock */ = {
			isa = PBXShellScriptBuildPhase;
			buildActionMask = 2147483647;
			files = (
			);
			inputPaths = (
				"${PODS_PODFILE_DIR_PATH}/Podfile.lock",
				"${PODS_ROOT}/Manifest.lock",
			);
			name = "[CP] Check Pods Manifest.lock";
			outputPaths = (
				"$(DERIVED_FILE_DIR)/Pods-Kitchen recipes-checkManifestLockResult.txt",
			);
			runOnlyForDeploymentPostprocessing = 0;
			shellPath = /bin/sh;
			shellScript = "diff \"${PODS_PODFILE_DIR_PATH}/Podfile.lock\" \"${PODS_ROOT}/Manifest.lock\" > /dev/null\nif [ $? != 0 ] ; then\n    # print error to STDERR\n    echo \"error: The sandbox is not in sync with the Podfile.lock. Run 'pod install' or update your CocoaPods installation.\" >&2\n    exit 1\nfi\n# This output is used by Xcode 'outputs' to avoid re-running this script phase.\necho \"SUCCESS\" > \"${SCRIPT_OUTPUT_FILE_0}\"\n";
			showEnvVarsInLog = 0;
		};
/* End PBXShellScriptBuildPhase section */

/* Begin PBXSourcesBuildPhase section */
		28622222205D190300A9C2B0 /* Sources */ = {
			isa = PBXSourcesBuildPhase;
			buildActionMask = 2147483647;
			files = (
				28D16ADF20726F19006301BD /* RecipeTitleAddViewController.swift in Sources */,
				28D16AE12072BC79006301BD /* Extensions.swift in Sources */,
				28A035842067C6260069BDB2 /* FoodMainViewController.swift in Sources */,
				28A03599206AC0B60069BDB2 /* RecipeStepCell.swift in Sources */,
				287DB4B1207A2E4F00DF566D /* SNRecordingCountDown.swift in Sources */,
				287DB4B0207A2E4F00DF566D /* SNImageViewerViewController.swift in Sources */,
				2862222C205D190300A9C2B0 /* ViewController.swift in Sources */,
				28337006205E5DA4003664C0 /* FoodViewController.swift in Sources */,
				28A0358B20681E130069BDB2 /* RecipeComponentCell.swift in Sources */,
				287DB4B3207A2E4F00DF566D /* SNVideoRecorderViewController.swift in Sources */,
				28D5B503205DAFC700DE7BF7 /* FoodType.swift in Sources */,
				287DB4B2207A2E4F00DF566D /* SNVideoRecorderViewProtocol.swift in Sources */,
				2819DFC0206685750055C635 /* FoodTypeInit.swift in Sources */,
				287DB4B4207A2E4F00DF566D /* SNVideoRecorderDelegate.swift in Sources */,
				28D16ADC20726509006301BD /* RecipeTitltleAddCell.swift in Sources */,
				287DB4B5207A2E4F00DF566D /* SNRecordButton.swift in Sources */,
				28A03592206828E60069BDB2 /* RecipeMainViewController.swift in Sources */,
				2862222A205D190300A9C2B0 /* AppDelegate.swift in Sources */,
				28D5B507205DB21700DE7BF7 /* FoodTypeCell.swift in Sources */,
				287DB49F2079041B00DF566D /* MenuTableViewCell.swift in Sources */,
				287DB49C207903D100DF566D /* MenuViewController.swift in Sources */,
				28A03595206832150069BDB2 /* RecipeMainCell.swift in Sources */,
				28337004205E5595003664C0 /* Food.swift in Sources */,
				287DB4A6207A003E00DF566D /* RecipeHandler.swift in Sources */,
				287DB4B7207A2F4C00DF566D /* RecipeStepsAddViewController.swift in Sources */,
				287DB4BA207A30B000DF566D /* RecipeStepAddCell.swift in Sources */,
				287DB4A32079FC1F00DF566D /* FoodCell.swift in Sources */,
				28A035862067C9C60069BDB2 /* Recipe.swift in Sources */,
				2865C839206BF96900BA7FEA /* EmptyCell.swift in Sources */,
				287DB4AF207A2E4F00DF566D /* SNVideoViewerViewController.swift in Sources */,
			);
			runOnlyForDeploymentPostprocessing = 0;
		};
		28622236205D190300A9C2B0 /* Sources */ = {
			isa = PBXSourcesBuildPhase;
			buildActionMask = 2147483647;
			files = (
				2862223F205D190300A9C2B0 /* Kitchen_recipesTests.swift in Sources */,
			);
			runOnlyForDeploymentPostprocessing = 0;
		};
		28622241205D190300A9C2B0 /* Sources */ = {
			isa = PBXSourcesBuildPhase;
			buildActionMask = 2147483647;
			files = (
				2862224A205D190400A9C2B0 /* Kitchen_recipesUITests.swift in Sources */,
			);
			runOnlyForDeploymentPostprocessing = 0;
		};
/* End PBXSourcesBuildPhase section */

/* Begin PBXTargetDependency section */
		2862223C205D190300A9C2B0 /* PBXTargetDependency */ = {
			isa = PBXTargetDependency;
			target = 28622225205D190300A9C2B0 /* Kitchen recipes */;
			targetProxy = 2862223B205D190300A9C2B0 /* PBXContainerItemProxy */;
		};
		28622247205D190300A9C2B0 /* PBXTargetDependency */ = {
			isa = PBXTargetDependency;
			target = 28622225205D190300A9C2B0 /* Kitchen recipes */;
			targetProxy = 28622246205D190300A9C2B0 /* PBXContainerItemProxy */;
		};
/* End PBXTargetDependency section */

/* Begin PBXVariantGroup section */
		2862222D205D190300A9C2B0 /* Main.storyboard */ = {
			isa = PBXVariantGroup;
			children = (
				2862222E205D190300A9C2B0 /* Base */,
			);
			name = Main.storyboard;
			sourceTree = "<group>";
		};
		28622232205D190300A9C2B0 /* LaunchScreen.storyboard */ = {
			isa = PBXVariantGroup;
			children = (
				28622233205D190300A9C2B0 /* Base */,
			);
			name = LaunchScreen.storyboard;
			sourceTree = "<group>";
		};
/* End PBXVariantGroup section */

/* Begin XCBuildConfiguration section */
		2862224C205D190400A9C2B0 /* Debug */ = {
			isa = XCBuildConfiguration;
			buildSettings = {
				ALWAYS_SEARCH_USER_PATHS = NO;
				CLANG_ANALYZER_NONNULL = YES;
				CLANG_ANALYZER_NUMBER_OBJECT_CONVERSION = YES_AGGRESSIVE;
				CLANG_CXX_LANGUAGE_STANDARD = "gnu++14";
				CLANG_CXX_LIBRARY = "libc++";
				CLANG_ENABLE_MODULES = YES;
				CLANG_ENABLE_OBJC_ARC = YES;
				CLANG_WARN_BLOCK_CAPTURE_AUTORELEASING = YES;
				CLANG_WARN_BOOL_CONVERSION = YES;
				CLANG_WARN_COMMA = YES;
				CLANG_WARN_CONSTANT_CONVERSION = YES;
				CLANG_WARN_DIRECT_OBJC_ISA_USAGE = YES_ERROR;
				CLANG_WARN_DOCUMENTATION_COMMENTS = YES;
				CLANG_WARN_EMPTY_BODY = YES;
				CLANG_WARN_ENUM_CONVERSION = YES;
				CLANG_WARN_INFINITE_RECURSION = YES;
				CLANG_WARN_INT_CONVERSION = YES;
				CLANG_WARN_NON_LITERAL_NULL_CONVERSION = YES;
				CLANG_WARN_OBJC_LITERAL_CONVERSION = YES;
				CLANG_WARN_OBJC_ROOT_CLASS = YES_ERROR;
				CLANG_WARN_RANGE_LOOP_ANALYSIS = YES;
				CLANG_WARN_STRICT_PROTOTYPES = YES;
				CLANG_WARN_SUSPICIOUS_MOVE = YES;
				CLANG_WARN_UNGUARDED_AVAILABILITY = YES_AGGRESSIVE;
				CLANG_WARN_UNREACHABLE_CODE = YES;
				CLANG_WARN__DUPLICATE_METHOD_MATCH = YES;
				CODE_SIGN_IDENTITY = "iPhone Developer";
				COPY_PHASE_STRIP = NO;
				DEBUG_INFORMATION_FORMAT = dwarf;
				ENABLE_STRICT_OBJC_MSGSEND = YES;
				ENABLE_TESTABILITY = YES;
				GCC_C_LANGUAGE_STANDARD = gnu11;
				GCC_DYNAMIC_NO_PIC = NO;
				GCC_NO_COMMON_BLOCKS = YES;
				GCC_OPTIMIZATION_LEVEL = 0;
				GCC_PREPROCESSOR_DEFINITIONS = (
					"DEBUG=1",
					"$(inherited)",
				);
				GCC_WARN_64_TO_32_BIT_CONVERSION = YES;
				GCC_WARN_ABOUT_RETURN_TYPE = YES_ERROR;
				GCC_WARN_UNDECLARED_SELECTOR = YES;
				GCC_WARN_UNINITIALIZED_AUTOS = YES_AGGRESSIVE;
				GCC_WARN_UNUSED_FUNCTION = YES;
				GCC_WARN_UNUSED_VARIABLE = YES;
				IPHONEOS_DEPLOYMENT_TARGET = 11.2;
				MTL_ENABLE_DEBUG_INFO = YES;
				ONLY_ACTIVE_ARCH = YES;
				SDKROOT = iphoneos;
				SWIFT_ACTIVE_COMPILATION_CONDITIONS = DEBUG;
				SWIFT_OPTIMIZATION_LEVEL = "-Onone";
			};
			name = Debug;
		};
		2862224D205D190400A9C2B0 /* Release */ = {
			isa = XCBuildConfiguration;
			buildSettings = {
				ALWAYS_SEARCH_USER_PATHS = NO;
				CLANG_ANALYZER_NONNULL = YES;
				CLANG_ANALYZER_NUMBER_OBJECT_CONVERSION = YES_AGGRESSIVE;
				CLANG_CXX_LANGUAGE_STANDARD = "gnu++14";
				CLANG_CXX_LIBRARY = "libc++";
				CLANG_ENABLE_MODULES = YES;
				CLANG_ENABLE_OBJC_ARC = YES;
				CLANG_WARN_BLOCK_CAPTURE_AUTORELEASING = YES;
				CLANG_WARN_BOOL_CONVERSION = YES;
				CLANG_WARN_COMMA = YES;
				CLANG_WARN_CONSTANT_CONVERSION = YES;
				CLANG_WARN_DIRECT_OBJC_ISA_USAGE = YES_ERROR;
				CLANG_WARN_DOCUMENTATION_COMMENTS = YES;
				CLANG_WARN_EMPTY_BODY = YES;
				CLANG_WARN_ENUM_CONVERSION = YES;
				CLANG_WARN_INFINITE_RECURSION = YES;
				CLANG_WARN_INT_CONVERSION = YES;
				CLANG_WARN_NON_LITERAL_NULL_CONVERSION = YES;
				CLANG_WARN_OBJC_LITERAL_CONVERSION = YES;
				CLANG_WARN_OBJC_ROOT_CLASS = YES_ERROR;
				CLANG_WARN_RANGE_LOOP_ANALYSIS = YES;
				CLANG_WARN_STRICT_PROTOTYPES = YES;
				CLANG_WARN_SUSPICIOUS_MOVE = YES;
				CLANG_WARN_UNGUARDED_AVAILABILITY = YES_AGGRESSIVE;
				CLANG_WARN_UNREACHABLE_CODE = YES;
				CLANG_WARN__DUPLICATE_METHOD_MATCH = YES;
				CODE_SIGN_IDENTITY = "iPhone Developer";
				COPY_PHASE_STRIP = NO;
				DEBUG_INFORMATION_FORMAT = "dwarf-with-dsym";
				ENABLE_NS_ASSERTIONS = NO;
				ENABLE_STRICT_OBJC_MSGSEND = YES;
				GCC_C_LANGUAGE_STANDARD = gnu11;
				GCC_NO_COMMON_BLOCKS = YES;
				GCC_WARN_64_TO_32_BIT_CONVERSION = YES;
				GCC_WARN_ABOUT_RETURN_TYPE = YES_ERROR;
				GCC_WARN_UNDECLARED_SELECTOR = YES;
				GCC_WARN_UNINITIALIZED_AUTOS = YES_AGGRESSIVE;
				GCC_WARN_UNUSED_FUNCTION = YES;
				GCC_WARN_UNUSED_VARIABLE = YES;
				IPHONEOS_DEPLOYMENT_TARGET = 11.2;
				MTL_ENABLE_DEBUG_INFO = NO;
				SDKROOT = iphoneos;
				SWIFT_OPTIMIZATION_LEVEL = "-Owholemodule";
				VALIDATE_PRODUCT = YES;
			};
			name = Release;
		};
		2862224F205D190400A9C2B0 /* Debug */ = {
			isa = XCBuildConfiguration;
			baseConfigurationReference = AA21F2E30D6747B5AA879CC6 /* Pods-Kitchen recipes.debug.xcconfig */;
			buildSettings = {
				ASSETCATALOG_COMPILER_APPICON_NAME = AppIcon;
				CODE_SIGN_IDENTITY = "iPhone Developer";
				CODE_SIGN_STYLE = Automatic;
				DEVELOPMENT_TEAM = X7BKMVT4A2;
				INFOPLIST_FILE = "Kitchen recipes/Info.plist";
				IPHONEOS_DEPLOYMENT_TARGET = 11.3;
				LD_RUNPATH_SEARCH_PATHS = "$(inherited) @executable_path/Frameworks";
				PRODUCT_BUNDLE_IDENTIFIER = "student.Kitchen-recipes";
				PRODUCT_NAME = "$(TARGET_NAME)";
				PROVISIONING_PROFILE_SPECIFIER = "";
				SWIFT_VERSION = 4.0;
				TARGETED_DEVICE_FAMILY = "1,2";
			};
			name = Debug;
		};
		28622250205D190400A9C2B0 /* Release */ = {
			isa = XCBuildConfiguration;
			baseConfigurationReference = 062843B6EEA3950549D5E483 /* Pods-Kitchen recipes.release.xcconfig */;
			buildSettings = {
				ASSETCATALOG_COMPILER_APPICON_NAME = AppIcon;
				CODE_SIGN_IDENTITY = "iPhone Developer";
				CODE_SIGN_STYLE = Automatic;
				DEVELOPMENT_TEAM = X7BKMVT4A2;
				INFOPLIST_FILE = "Kitchen recipes/Info.plist";
				IPHONEOS_DEPLOYMENT_TARGET = 11.3;
				LD_RUNPATH_SEARCH_PATHS = "$(inherited) @executable_path/Frameworks";
				PRODUCT_BUNDLE_IDENTIFIER = "student.Kitchen-recipes";
				PRODUCT_NAME = "$(TARGET_NAME)";
				PROVISIONING_PROFILE_SPECIFIER = "";
				SWIFT_VERSION = 4.0;
				TARGETED_DEVICE_FAMILY = "1,2";
			};
			name = Release;
		};
		28622252205D190400A9C2B0 /* Debug */ = {
			isa = XCBuildConfiguration;
			buildSettings = {
				ALWAYS_EMBED_SWIFT_STANDARD_LIBRARIES = YES;
				BUNDLE_LOADER = "$(TEST_HOST)";
				CODE_SIGN_STYLE = Automatic;
				INFOPLIST_FILE = "Kitchen recipesTests/Info.plist";
				LD_RUNPATH_SEARCH_PATHS = "$(inherited) @executable_path/Frameworks @loader_path/Frameworks";
				PRODUCT_BUNDLE_IDENTIFIER = "student.Kitchen-recipesTests";
				PRODUCT_NAME = "$(TARGET_NAME)";
				SWIFT_VERSION = 4.0;
				TARGETED_DEVICE_FAMILY = "1,2";
				TEST_HOST = "$(BUILT_PRODUCTS_DIR)/Kitchen recipes.app/Kitchen recipes";
			};
			name = Debug;
		};
		28622253205D190400A9C2B0 /* Release */ = {
			isa = XCBuildConfiguration;
			buildSettings = {
				ALWAYS_EMBED_SWIFT_STANDARD_LIBRARIES = YES;
				BUNDLE_LOADER = "$(TEST_HOST)";
				CODE_SIGN_STYLE = Automatic;
				INFOPLIST_FILE = "Kitchen recipesTests/Info.plist";
				LD_RUNPATH_SEARCH_PATHS = "$(inherited) @executable_path/Frameworks @loader_path/Frameworks";
				PRODUCT_BUNDLE_IDENTIFIER = "student.Kitchen-recipesTests";
				PRODUCT_NAME = "$(TARGET_NAME)";
				SWIFT_VERSION = 4.0;
				TARGETED_DEVICE_FAMILY = "1,2";
				TEST_HOST = "$(BUILT_PRODUCTS_DIR)/Kitchen recipes.app/Kitchen recipes";
			};
			name = Release;
		};
		28622255205D190400A9C2B0 /* Debug */ = {
			isa = XCBuildConfiguration;
			buildSettings = {
				ALWAYS_EMBED_SWIFT_STANDARD_LIBRARIES = YES;
				CODE_SIGN_STYLE = Automatic;
				INFOPLIST_FILE = "Kitchen recipesUITests/Info.plist";
				LD_RUNPATH_SEARCH_PATHS = "$(inherited) @executable_path/Frameworks @loader_path/Frameworks";
				PRODUCT_BUNDLE_IDENTIFIER = "student.Kitchen-recipesUITests";
				PRODUCT_NAME = "$(TARGET_NAME)";
				SWIFT_VERSION = 4.0;
				TARGETED_DEVICE_FAMILY = "1,2";
				TEST_TARGET_NAME = "Kitchen recipes";
			};
			name = Debug;
		};
		28622256205D190400A9C2B0 /* Release */ = {
			isa = XCBuildConfiguration;
			buildSettings = {
				ALWAYS_EMBED_SWIFT_STANDARD_LIBRARIES = YES;
				CODE_SIGN_STYLE = Automatic;
				INFOPLIST_FILE = "Kitchen recipesUITests/Info.plist";
				LD_RUNPATH_SEARCH_PATHS = "$(inherited) @executable_path/Frameworks @loader_path/Frameworks";
				PRODUCT_BUNDLE_IDENTIFIER = "student.Kitchen-recipesUITests";
				PRODUCT_NAME = "$(TARGET_NAME)";
				SWIFT_VERSION = 4.0;
				TARGETED_DEVICE_FAMILY = "1,2";
				TEST_TARGET_NAME = "Kitchen recipes";
			};
			name = Release;
		};
/* End XCBuildConfiguration section */

/* Begin XCConfigurationList section */
		28622221205D190300A9C2B0 /* Build configuration list for PBXProject "Kitchen recipes" */ = {
			isa = XCConfigurationList;
			buildConfigurations = (
				2862224C205D190400A9C2B0 /* Debug */,
				2862224D205D190400A9C2B0 /* Release */,
			);
			defaultConfigurationIsVisible = 0;
			defaultConfigurationName = Release;
		};
		2862224E205D190400A9C2B0 /* Build configuration list for PBXNativeTarget "Kitchen recipes" */ = {
			isa = XCConfigurationList;
			buildConfigurations = (
				2862224F205D190400A9C2B0 /* Debug */,
				28622250205D190400A9C2B0 /* Release */,
			);
			defaultConfigurationIsVisible = 0;
			defaultConfigurationName = Release;
		};
		28622251205D190400A9C2B0 /* Build configuration list for PBXNativeTarget "Kitchen recipesTests" */ = {
			isa = XCConfigurationList;
			buildConfigurations = (
				28622252205D190400A9C2B0 /* Debug */,
				28622253205D190400A9C2B0 /* Release */,
			);
			defaultConfigurationIsVisible = 0;
			defaultConfigurationName = Release;
		};
		28622254205D190400A9C2B0 /* Build configuration list for PBXNativeTarget "Kitchen recipesUITests" */ = {
			isa = XCConfigurationList;
			buildConfigurations = (
				28622255205D190400A9C2B0 /* Debug */,
				28622256205D190400A9C2B0 /* Release */,
			);
			defaultConfigurationIsVisible = 0;
			defaultConfigurationName = Release;
		};
/* End XCConfigurationList section */
	};
	rootObject = 2862221E205D190300A9C2B0 /* Project object */;
}
